
Microsoft Visual Studio Solution File, Format Version 12.00
# Visual Studio 15
VisualStudioVersion = 15.0.28124.53
MinimumVisualStudioVersion = 10.0.40219.1
Project("{FAE04EC0-301F-11D3-BF4B-00C04F79EFBC}") = "ThesisSmartphoneApp.Android", "ThesisSmartphoneApp\ThesisSmartphoneApp.Android\ThesisSmartphoneApp.Android.csproj", "{4C865E88-290A-41E7-9C07-CAE7FBDF7D2B}"
EndProject
Project("{FAE04EC0-301F-11D3-BF4B-00C04F79EFBC}") = "ThesisSmartphoneApp.iOS", "ThesisSmartphoneApp\ThesisSmartphoneApp.iOS\ThesisSmartphoneApp.iOS.csproj", "{86A676D3-52A1-4837-A6B7-DB31C3567264}"
EndProject
Project("{FAE04EC0-301F-11D3-BF4B-00C04F79EFBC}") = "ThesisSmartphoneApp.UWP", "ThesisSmartphoneApp\ThesisSmartphoneApp.UWP\ThesisSmartphoneApp.UWP.csproj", "{077D751E-268A-4F19-96BD-D7F7D895687F}"
EndProject
Project("{9A19103F-16F7-4668-BE54-9A1E7A4F7556}") = "ThesisSmartphoneApp", "ThesisSmartphoneApp\ThesisSmartphoneApp\ThesisSmartphoneApp.csproj", "{675180DD-0A08-4634-B76C-8CF43292032C}"
EndProject
Project("{2150E333-8FDC-42A3-9474-1A3956D46DE8}") = "Solution Items", "Solution Items", "{F3C5DE0E-C084-4EEC-A436-4D7FD7D121CD}"
	ProjectSection(SolutionItems) = preProject
		FodyWeavers.xml = FodyWeavers.xml
	EndProjectSection
EndProject
Global
	GlobalSection(SolutionConfigurationPlatforms) = preSolution
		Ad-Hoc|Any CPU = Ad-Hoc|Any CPU
		Ad-Hoc|ARM = Ad-Hoc|ARM
		Ad-Hoc|iPhone = Ad-Hoc|iPhone
		Ad-Hoc|iPhoneSimulator = Ad-Hoc|iPhoneSimulator
		Ad-Hoc|x64 = Ad-Hoc|x64
		Ad-Hoc|x86 = Ad-Hoc|x86
		AppStore|Any CPU = AppStore|Any CPU
		AppStore|ARM = AppStore|ARM
		AppStore|iPhone = AppStore|iPhone
		AppStore|iPhoneSimulator = AppStore|iPhoneSimulator
		AppStore|x64 = AppStore|x64
		AppStore|x86 = AppStore|x86
		Debug|Any CPU = Debug|Any CPU
		Debug|ARM = Debug|ARM
		Debug|iPhone = Debug|iPhone
		Debug|iPhoneSimulator = Debug|iPhoneSimulator
		Debug|x64 = Debug|x64
		Debug|x86 = Debug|x86
		Release|Any CPU = Release|Any CPU
		Release|ARM = Release|ARM
		Release|iPhone = Release|iPhone
		Release|iPhoneSimulator = Release|iPhoneSimulator
		Release|x64 = Release|x64
		Release|x86 = Release|x86
	EndGlobalSection
	GlobalSection(ProjectConfigurationPlatforms) = postSolution
		{4C865E88-290A-41E7-9C07-CAE7FBDF7D2B}.Ad-Hoc|Any CPU.ActiveCfg = Release|Any CPU
		{4C865E88-290A-41E7-9C07-CAE7FBDF7D2B}.Ad-Hoc|Any CPU.Build.0 = Release|Any CPU
		{4C865E88-290A-41E7-9C07-CAE7FBDF7D2B}.Ad-Hoc|Any CPU.Deploy.0 = Release|Any CPU
		{4C865E88-290A-41E7-9C07-CAE7FBDF7D2B}.Ad-Hoc|ARM.ActiveCfg = Release|Any CPU
		{4C865E88-290A-41E7-9C07-CAE7FBDF7D2B}.Ad-Hoc|ARM.Build.0 = Release|Any CPU
		{4C865E88-290A-41E7-9C07-CAE7FBDF7D2B}.Ad-Hoc|ARM.Deploy.0 = Release|Any CPU
		{4C865E88-290A-41E7-9C07-CAE7FBDF7D2B}.Ad-Hoc|iPhone.ActiveCfg = Release|Any CPU
		{4C865E88-290A-41E7-9C07-CAE7FBDF7D2B}.Ad-Hoc|iPhone.Build.0 = Release|Any CPU
		{4C865E88-290A-41E7-9C07-CAE7FBDF7D2B}.Ad-Hoc|iPhone.Deploy.0 = Release|Any CPU
		{4C865E88-290A-41E7-9C07-CAE7FBDF7D2B}.Ad-Hoc|iPhoneSimulator.ActiveCfg = Release|Any CPU
		{4C865E88-290A-41E7-9C07-CAE7FBDF7D2B}.Ad-Hoc|iPhoneSimulator.Build.0 = Release|Any CPU
		{4C865E88-290A-41E7-9C07-CAE7FBDF7D2B}.Ad-Hoc|iPhoneSimulator.Deploy.0 = Release|Any CPU
		{4C865E88-290A-41E7-9C07-CAE7FBDF7D2B}.Ad-Hoc|x64.ActiveCfg = Release|Any CPU
		{4C865E88-290A-41E7-9C07-CAE7FBDF7D2B}.Ad-Hoc|x64.Build.0 = Release|Any CPU
		{4C865E88-290A-41E7-9C07-CAE7FBDF7D2B}.Ad-Hoc|x64.Deploy.0 = Release|Any CPU
		{4C865E88-290A-41E7-9C07-CAE7FBDF7D2B}.Ad-Hoc|x86.ActiveCfg = Release|Any CPU
		{4C865E88-290A-41E7-9C07-CAE7FBDF7D2B}.Ad-Hoc|x86.Build.0 = Release|Any CPU
		{4C865E88-290A-41E7-9C07-CAE7FBDF7D2B}.Ad-Hoc|x86.Deploy.0 = Release|Any CPU
		{4C865E88-290A-41E7-9C07-CAE7FBDF7D2B}.AppStore|Any CPU.ActiveCfg = Release|Any CPU
		{4C865E88-290A-41E7-9C07-CAE7FBDF7D2B}.AppStore|Any CPU.Build.0 = Release|Any CPU
		{4C865E88-290A-41E7-9C07-CAE7FBDF7D2B}.AppStore|Any CPU.Deploy.0 = Release|Any CPU
		{4C865E88-290A-41E7-9C07-CAE7FBDF7D2B}.AppStore|ARM.ActiveCfg = Release|Any CPU
		{4C865E88-290A-41E7-9C07-CAE7FBDF7D2B}.AppStore|ARM.Build.0 = Release|Any CPU
		{4C865E88-290A-41E7-9C07-CAE7FBDF7D2B}.AppStore|ARM.Deploy.0 = Release|Any CPU
		{4C865E88-290A-41E7-9C07-CAE7FBDF7D2B}.AppStore|iPhone.ActiveCfg = Release|Any CPU
		{4C865E88-290A-41E7-9C07-CAE7FBDF7D2B}.AppStore|iPhone.Build.0 = Release|Any CPU
		{4C865E88-290A-41E7-9C07-CAE7FBDF7D2B}.AppStore|iPhone.Deploy.0 = Release|Any CPU
		{4C865E88-290A-41E7-9C07-CAE7FBDF7D2B}.AppStore|iPhoneSimulator.ActiveCfg = Release|Any CPU
		{4C865E88-290A-41E7-9C07-CAE7FBDF7D2B}.AppStore|iPhoneSimulator.Build.0 = Release|Any CPU
		{4C865E88-290A-41E7-9C07-CAE7FBDF7D2B}.AppStore|iPhoneSimulator.Deploy.0 = Release|Any CPU
		{4C865E88-290A-41E7-9C07-CAE7FBDF7D2B}.AppStore|x64.ActiveCfg = Release|Any CPU
		{4C865E88-290A-41E7-9C07-CAE7FBDF7D2B}.AppStore|x64.Build.0 = Release|Any CPU
		{4C865E88-290A-41E7-9C07-CAE7FBDF7D2B}.AppStore|x64.Deploy.0 = Release|Any CPU
		{4C865E88-290A-41E7-9C07-CAE7FBDF7D2B}.AppStore|x86.ActiveCfg = Release|Any CPU
		{4C865E88-290A-41E7-9C07-CAE7FBDF7D2B}.AppStore|x86.Build.0 = Release|Any CPU
		{4C865E88-290A-41E7-9C07-CAE7FBDF7D2B}.AppStore|x86.Deploy.0 = Release|Any CPU
		{4C865E88-290A-41E7-9C07-CAE7FBDF7D2B}.Debug|Any CPU.ActiveCfg = Debug|Any CPU
		{4C865E88-290A-41E7-9C07-CAE7FBDF7D2B}.Debug|Any CPU.Build.0 = Debug|Any CPU
		{4C865E88-290A-41E7-9C07-CAE7FBDF7D2B}.Debug|Any CPU.Deploy.0 = Debug|Any CPU
		{4C865E88-290A-41E7-9C07-CAE7FBDF7D2B}.Debug|ARM.ActiveCfg = Debug|Any CPU
		{4C865E88-290A-41E7-9C07-CAE7FBDF7D2B}.Debug|ARM.Build.0 = Debug|Any CPU
		{4C865E88-290A-41E7-9C07-CAE7FBDF7D2B}.Debug|ARM.Deploy.0 = Debug|Any CPU
		{4C865E88-290A-41E7-9C07-CAE7FBDF7D2B}.Debug|iPhone.ActiveCfg = Debug|Any CPU
		{4C865E88-290A-41E7-9C07-CAE7FBDF7D2B}.Debug|iPhone.Build.0 = Debug|Any CPU
		{4C865E88-290A-41E7-9C07-CAE7FBDF7D2B}.Debug|iPhone.Deploy.0 = Debug|Any CPU
		{4C865E88-290A-41E7-9C07-CAE7FBDF7D2B}.Debug|iPhoneSimulator.ActiveCfg = Debug|Any CPU
		{4C865E88-290A-41E7-9C07-CAE7FBDF7D2B}.Debug|iPhoneSimulator.Build.0 = Debug|Any CPU
		{4C865E88-290A-41E7-9C07-CAE7FBDF7D2B}.Debug|iPhoneSimulator.Deploy.0 = Debug|Any CPU
		{4C865E88-290A-41E7-9C07-CAE7FBDF7D2B}.Debug|x64.ActiveCfg = Debug|Any CPU
		{4C865E88-290A-41E7-9C07-CAE7FBDF7D2B}.Debug|x64.Build.0 = Debug|Any CPU
		{4C865E88-290A-41E7-9C07-CAE7FBDF7D2B}.Debug|x64.Deploy.0 = Debug|Any CPU
		{4C865E88-290A-41E7-9C07-CAE7FBDF7D2B}.Debug|x86.ActiveCfg = Debug|Any CPU
		{4C865E88-290A-41E7-9C07-CAE7FBDF7D2B}.Debug|x86.Build.0 = Debug|Any CPU
		{4C865E88-290A-41E7-9C07-CAE7FBDF7D2B}.Debug|x86.Deploy.0 = Debug|Any CPU
		{4C865E88-290A-41E7-9C07-CAE7FBDF7D2B}.Release|Any CPU.ActiveCfg = Release|Any CPU
		{4C865E88-290A-41E7-9C07-CAE7FBDF7D2B}.Release|Any CPU.Build.0 = Release|Any CPU
		{4C865E88-290A-41E7-9C07-CAE7FBDF7D2B}.Release|Any CPU.Deploy.0 = Release|Any CPU
		{4C865E88-290A-41E7-9C07-CAE7FBDF7D2B}.Release|ARM.ActiveCfg = Release|Any CPU
		{4C865E88-290A-41E7-9C07-CAE7FBDF7D2B}.Release|ARM.Build.0 = Release|Any CPU
		{4C865E88-290A-41E7-9C07-CAE7FBDF7D2B}.Release|ARM.Deploy.0 = Release|Any CPU
		{4C865E88-290A-41E7-9C07-CAE7FBDF7D2B}.Release|iPhone.ActiveCfg = Release|Any CPU
		{4C865E88-290A-41E7-9C07-CAE7FBDF7D2B}.Release|iPhone.Build.0 = Release|Any CPU
		{4C865E88-290A-41E7-9C07-CAE7FBDF7D2B}.Release|iPhone.Deploy.0 = Release|Any CPU
		{4C865E88-290A-41E7-9C07-CAE7FBDF7D2B}.Release|iPhoneSimulator.ActiveCfg = Release|Any CPU
		{4C865E88-290A-41E7-9C07-CAE7FBDF7D2B}.Release|iPhoneSimulator.Build.0 = Release|Any CPU
		{4C865E88-290A-41E7-9C07-CAE7FBDF7D2B}.Release|iPhoneSimulator.Deploy.0 = Release|Any CPU
		{4C865E88-290A-41E7-9C07-CAE7FBDF7D2B}.Release|x64.ActiveCfg = Release|Any CPU
		{4C865E88-290A-41E7-9C07-CAE7FBDF7D2B}.Release|x64.Build.0 = Release|Any CPU
		{4C865E88-290A-41E7-9C07-CAE7FBDF7D2B}.Release|x64.Deploy.0 = Release|Any CPU
		{4C865E88-290A-41E7-9C07-CAE7FBDF7D2B}.Release|x86.ActiveCfg = Release|Any CPU
		{4C865E88-290A-41E7-9C07-CAE7FBDF7D2B}.Release|x86.Build.0 = Release|Any CPU
		{4C865E88-290A-41E7-9C07-CAE7FBDF7D2B}.Release|x86.Deploy.0 = Release|Any CPU
		{86A676D3-52A1-4837-A6B7-DB31C3567264}.Ad-Hoc|Any CPU.ActiveCfg = Ad-Hoc|iPhone
		{86A676D3-52A1-4837-A6B7-DB31C3567264}.Ad-Hoc|Any CPU.Build.0 = Ad-Hoc|iPhone
		{86A676D3-52A1-4837-A6B7-DB31C3567264}.Ad-Hoc|Any CPU.Deploy.0 = Ad-Hoc|iPhone
		{86A676D3-52A1-4837-A6B7-DB31C3567264}.Ad-Hoc|ARM.ActiveCfg = Ad-Hoc|iPhone
		{86A676D3-52A1-4837-A6B7-DB31C3567264}.Ad-Hoc|ARM.Build.0 = Ad-Hoc|iPhone
		{86A676D3-52A1-4837-A6B7-DB31C3567264}.Ad-Hoc|ARM.Deploy.0 = Ad-Hoc|iPhone
		{86A676D3-52A1-4837-A6B7-DB31C3567264}.Ad-Hoc|iPhone.ActiveCfg = Ad-Hoc|iPhone
		{86A676D3-52A1-4837-A6B7-DB31C3567264}.Ad-Hoc|iPhone.Build.0 = Ad-Hoc|iPhone
		{86A676D3-52A1-4837-A6B7-DB31C3567264}.Ad-Hoc|iPhone.Deploy.0 = Ad-Hoc|iPhone
		{86A676D3-52A1-4837-A6B7-DB31C3567264}.Ad-Hoc|iPhoneSimulator.ActiveCfg = Ad-Hoc|iPhoneSimulator
		{86A676D3-52A1-4837-A6B7-DB31C3567264}.Ad-Hoc|iPhoneSimulator.Build.0 = Ad-Hoc|iPhoneSimulator
		{86A676D3-52A1-4837-A6B7-DB31C3567264}.Ad-Hoc|iPhoneSimulator.Deploy.0 = Ad-Hoc|iPhoneSimulator
		{86A676D3-52A1-4837-A6B7-DB31C3567264}.Ad-Hoc|x64.ActiveCfg = Ad-Hoc|iPhone
		{86A676D3-52A1-4837-A6B7-DB31C3567264}.Ad-Hoc|x64.Build.0 = Ad-Hoc|iPhone
		{86A676D3-52A1-4837-A6B7-DB31C3567264}.Ad-Hoc|x64.Deploy.0 = Ad-Hoc|iPhone
		{86A676D3-52A1-4837-A6B7-DB31C3567264}.Ad-Hoc|x86.ActiveCfg = Ad-Hoc|iPhone
		{86A676D3-52A1-4837-A6B7-DB31C3567264}.Ad-Hoc|x86.Build.0 = Ad-Hoc|iPhone
		{86A676D3-52A1-4837-A6B7-DB31C3567264}.Ad-Hoc|x86.Deploy.0 = Ad-Hoc|iPhone
		{86A676D3-52A1-4837-A6B7-DB31C3567264}.AppStore|Any CPU.ActiveCfg = AppStore|iPhone
		{86A676D3-52A1-4837-A6B7-DB31C3567264}.AppStore|Any CPU.Build.0 = AppStore|iPhone
		{86A676D3-52A1-4837-A6B7-DB31C3567264}.AppStore|Any CPU.Deploy.0 = AppStore|iPhone
		{86A676D3-52A1-4837-A6B7-DB31C3567264}.AppStore|ARM.ActiveCfg = AppStore|iPhone
		{86A676D3-52A1-4837-A6B7-DB31C3567264}.AppStore|ARM.Build.0 = AppStore|iPhone
		{86A676D3-52A1-4837-A6B7-DB31C3567264}.AppStore|ARM.Deploy.0 = AppStore|iPhone
		{86A676D3-52A1-4837-A6B7-DB31C3567264}.AppStore|iPhone.ActiveCfg = AppStore|iPhone
		{86A676D3-52A1-4837-A6B7-DB31C3567264}.AppStore|iPhone.Build.0 = AppStore|iPhone
		{86A676D3-52A1-4837-A6B7-DB31C3567264}.AppStore|iPhone.Deploy.0 = AppStore|iPhone
		{86A676D3-52A1-4837-A6B7-DB31C3567264}.AppStore|iPhoneSimulator.ActiveCfg = AppStore|iPhoneSimulator
		{86A676D3-52A1-4837-A6B7-DB31C3567264}.AppStore|iPhoneSimulator.Build.0 = AppStore|iPhoneSimulator
		{86A676D3-52A1-4837-A6B7-DB31C3567264}.AppStore|iPhoneSimulator.Deploy.0 = AppStore|iPhoneSimulator
		{86A676D3-52A1-4837-A6B7-DB31C3567264}.AppStore|x64.ActiveCfg = AppStore|iPhone
		{86A676D3-52A1-4837-A6B7-DB31C3567264}.AppStore|x64.Build.0 = AppStore|iPhone
		{86A676D3-52A1-4837-A6B7-DB31C3567264}.AppStore|x64.Deploy.0 = AppStore|iPhone
		{86A676D3-52A1-4837-A6B7-DB31C3567264}.AppStore|x86.ActiveCfg = AppStore|iPhone
		{86A676D3-52A1-4837-A6B7-DB31C3567264}.AppStore|x86.Build.0 = AppStore|iPhone
		{86A676D3-52A1-4837-A6B7-DB31C3567264}.AppStore|x86.Deploy.0 = AppStore|iPhone
		{86A676D3-52A1-4837-A6B7-DB31C3567264}.Debug|Any CPU.ActiveCfg = Debug|iPhoneSimulator
		{86A676D3-52A1-4837-A6B7-DB31C3567264}.Debug|Any CPU.Build.0 = Debug|iPhoneSimulator
		{86A676D3-52A1-4837-A6B7-DB31C3567264}.Debug|Any CPU.Deploy.0 = Debug|iPhoneSimulator
		{86A676D3-52A1-4837-A6B7-DB31C3567264}.Debug|ARM.ActiveCfg = Debug|iPhone
		{86A676D3-52A1-4837-A6B7-DB31C3567264}.Debug|ARM.Build.0 = Debug|iPhone
		{86A676D3-52A1-4837-A6B7-DB31C3567264}.Debug|ARM.Deploy.0 = Debug|iPhone
		{86A676D3-52A1-4837-A6B7-DB31C3567264}.Debug|iPhone.ActiveCfg = Debug|iPhone
		{86A676D3-52A1-4837-A6B7-DB31C3567264}.Debug|iPhone.Build.0 = Debug|iPhone
		{86A676D3-52A1-4837-A6B7-DB31C3567264}.Debug|iPhone.Deploy.0 = Debug|iPhone
		{86A676D3-52A1-4837-A6B7-DB31C3567264}.Debug|iPhoneSimulator.ActiveCfg = Debug|iPhoneSimulator
		{86A676D3-52A1-4837-A6B7-DB31C3567264}.Debug|iPhoneSimulator.Build.0 = Debug|iPhoneSimulator
		{86A676D3-52A1-4837-A6B7-DB31C3567264}.Debug|iPhoneSimulator.Deploy.0 = Debug|iPhoneSimulator
		{86A676D3-52A1-4837-A6B7-DB31C3567264}.Debug|x64.ActiveCfg = Debug|iPhone
		{86A676D3-52A1-4837-A6B7-DB31C3567264}.Debug|x64.Build.0 = Debug|iPhone
		{86A676D3-52A1-4837-A6B7-DB31C3567264}.Debug|x64.Deploy.0 = Debug|iPhone
		{86A676D3-52A1-4837-A6B7-DB31C3567264}.Debug|x86.ActiveCfg = Debug|iPhone
		{86A676D3-52A1-4837-A6B7-DB31C3567264}.Debug|x86.Build.0 = Debug|iPhone
		{86A676D3-52A1-4837-A6B7-DB31C3567264}.Debug|x86.Deploy.0 = Debug|iPhone
		{86A676D3-52A1-4837-A6B7-DB31C3567264}.Release|Any CPU.ActiveCfg = Release|iPhone
		{86A676D3-52A1-4837-A6B7-DB31C3567264}.Release|Any CPU.Build.0 = Release|iPhone
		{86A676D3-52A1-4837-A6B7-DB31C3567264}.Release|Any CPU.Deploy.0 = Release|iPhone
		{86A676D3-52A1-4837-A6B7-DB31C3567264}.Release|ARM.ActiveCfg = Release|iPhone
		{86A676D3-52A1-4837-A6B7-DB31C3567264}.Release|ARM.Build.0 = Release|iPhone
		{86A676D3-52A1-4837-A6B7-DB31C3567264}.Release|ARM.Deploy.0 = Release|iPhone
		{86A676D3-52A1-4837-A6B7-DB31C3567264}.Release|iPhone.ActiveCfg = Release|iPhone
		{86A676D3-52A1-4837-A6B7-DB31C3567264}.Release|iPhone.Build.0 = Release|iPhone
		{86A676D3-52A1-4837-A6B7-DB31C3567264}.Release|iPhone.Deploy.0 = Release|iPhone
		{86A676D3-52A1-4837-A6B7-DB31C3567264}.Release|iPhoneSimulator.ActiveCfg = Release|iPhoneSimulator
		{86A676D3-52A1-4837-A6B7-DB31C3567264}.Release|iPhoneSimulator.Build.0 = Release|iPhoneSimulator
		{86A676D3-52A1-4837-A6B7-DB31C3567264}.Release|iPhoneSimulator.Deploy.0 = Release|iPhoneSimulator
		{86A676D3-52A1-4837-A6B7-DB31C3567264}.Release|x64.ActiveCfg = Release|iPhone
		{86A676D3-52A1-4837-A6B7-DB31C3567264}.Release|x64.Build.0 = Release|iPhone
		{86A676D3-52A1-4837-A6B7-DB31C3567264}.Release|x64.Deploy.0 = Release|iPhone
		{86A676D3-52A1-4837-A6B7-DB31C3567264}.Release|x86.ActiveCfg = Release|iPhone
		{86A676D3-52A1-4837-A6B7-DB31C3567264}.Release|x86.Build.0 = Release|iPhone
		{86A676D3-52A1-4837-A6B7-DB31C3567264}.Release|x86.Deploy.0 = Release|iPhone
		{077D751E-268A-4F19-96BD-D7F7D895687F}.Ad-Hoc|Any CPU.ActiveCfg = Release|x86
		{077D751E-268A-4F19-96BD-D7F7D895687F}.Ad-Hoc|Any CPU.Build.0 = Release|x86
		{077D751E-268A-4F19-96BD-D7F7D895687F}.Ad-Hoc|Any CPU.Deploy.0 = Release|x86
		{077D751E-268A-4F19-96BD-D7F7D895687F}.Ad-Hoc|ARM.ActiveCfg = Release|ARM
		{077D751E-268A-4F19-96BD-D7F7D895687F}.Ad-Hoc|ARM.Build.0 = Release|ARM
		{077D751E-268A-4F19-96BD-D7F7D895687F}.Ad-Hoc|ARM.Deploy.0 = Release|ARM
		{077D751E-268A-4F19-96BD-D7F7D895687F}.Ad-Hoc|iPhone.ActiveCfg = Release|x86
		{077D751E-268A-4F19-96BD-D7F7D895687F}.Ad-Hoc|iPhone.Build.0 = Release|x86
		{077D751E-268A-4F19-96BD-D7F7D895687F}.Ad-Hoc|iPhone.Deploy.0 = Release|x86
		{077D751E-268A-4F19-96BD-D7F7D895687F}.Ad-Hoc|iPhoneSimulator.ActiveCfg = Release|x86
		{077D751E-268A-4F19-96BD-D7F7D895687F}.Ad-Hoc|iPhoneSimulator.Build.0 = Release|x86
		{077D751E-268A-4F19-96BD-D7F7D895687F}.Ad-Hoc|iPhoneSimulator.Deploy.0 = Release|x86
		{077D751E-268A-4F19-96BD-D7F7D895687F}.Ad-Hoc|x64.ActiveCfg = Release|x64
		{077D751E-268A-4F19-96BD-D7F7D895687F}.Ad-Hoc|x64.Build.0 = Release|x64
		{077D751E-268A-4F19-96BD-D7F7D895687F}.Ad-Hoc|x64.Deploy.0 = Release|x64
		{077D751E-268A-4F19-96BD-D7F7D895687F}.Ad-Hoc|x86.ActiveCfg = Release|x86
		{077D751E-268A-4F19-96BD-D7F7D895687F}.Ad-Hoc|x86.Build.0 = Release|x86
		{077D751E-268A-4F19-96BD-D7F7D895687F}.Ad-Hoc|x86.Deploy.0 = Release|x86
		{077D751E-268A-4F19-96BD-D7F7D895687F}.AppStore|Any CPU.ActiveCfg = Release|x86
		{077D751E-268A-4F19-96BD-D7F7D895687F}.AppStore|Any CPU.Build.0 = Release|x86
		{077D751E-268A-4F19-96BD-D7F7D895687F}.AppStore|Any CPU.Deploy.0 = Release|x86
		{077D751E-268A-4F19-96BD-D7F7D895687F}.AppStore|ARM.ActiveCfg = Release|ARM
		{077D751E-268A-4F19-96BD-D7F7D895687F}.AppStore|ARM.Build.0 = Release|ARM
		{077D751E-268A-4F19-96BD-D7F7D895687F}.AppStore|ARM.Deploy.0 = Release|ARM
		{077D751E-268A-4F19-96BD-D7F7D895687F}.AppStore|iPhone.ActiveCfg = Release|x86
		{077D751E-268A-4F19-96BD-D7F7D895687F}.AppStore|iPhone.Build.0 = Release|x86
		{077D751E-268A-4F19-96BD-D7F7D895687F}.AppStore|iPhone.Deploy.0 = Release|x86
		{077D751E-268A-4F19-96BD-D7F7D895687F}.AppStore|iPhoneSimulator.ActiveCfg = Release|x86
		{077D751E-268A-4F19-96BD-D7F7D895687F}.AppStore|iPhoneSimulator.Build.0 = Release|x86
		{077D751E-268A-4F19-96BD-D7F7D895687F}.AppStore|iPhoneSimulator.Deploy.0 = Release|x86
		{077D751E-268A-4F19-96BD-D7F7D895687F}.AppStore|x64.ActiveCfg = Release|x64
		{077D751E-268A-4F19-96BD-D7F7D895687F}.AppStore|x64.Build.0 = Release|x64
		{077D751E-268A-4F19-96BD-D7F7D895687F}.AppStore|x64.Deploy.0 = Release|x64
		{077D751E-268A-4F19-96BD-D7F7D895687F}.AppStore|x86.ActiveCfg = Release|x86
		{077D751E-268A-4F19-96BD-D7F7D895687F}.AppStore|x86.Build.0 = Release|x86
		{077D751E-268A-4F19-96BD-D7F7D895687F}.AppStore|x86.Deploy.0 = Release|x86
		{077D751E-268A-4F19-96BD-D7F7D895687F}.Debug|Any CPU.ActiveCfg = Debug|x86
		{077D751E-268A-4F19-96BD-D7F7D895687F}.Debug|Any CPU.Build.0 = Debug|x86
		{077D751E-268A-4F19-96BD-D7F7D895687F}.Debug|Any CPU.Deploy.0 = Debug|x86
		{077D751E-268A-4F19-96BD-D7F7D895687F}.Debug|ARM.ActiveCfg = Debug|ARM
		{077D751E-268A-4F19-96BD-D7F7D895687F}.Debug|ARM.Build.0 = Debug|ARM
		{077D751E-268A-4F19-96BD-D7F7D895687F}.Debug|ARM.Deploy.0 = Debug|ARM
		{077D751E-268A-4F19-96BD-D7F7D895687F}.Debug|iPhone.ActiveCfg = Debug|x86
		{077D751E-268A-4F19-96BD-D7F7D895687F}.Debug|iPhone.Build.0 = Debug|x86
		{077D751E-268A-4F19-96BD-D7F7D895687F}.Debug|iPhone.Deploy.0 = Debug|x86
		{077D751E-268A-4F19-96BD-D7F7D895687F}.Debug|iPhoneSimulator.ActiveCfg = Debug|x86
		{077D751E-268A-4F19-96BD-D7F7D895687F}.Debug|iPhoneSimulator.Build.0 = Debug|x86
		{077D751E-268A-4F19-96BD-D7F7D895687F}.Debug|iPhoneSimulator.Deploy.0 = Debug|x86
		{077D751E-268A-4F19-96BD-D7F7D895687F}.Debug|x64.ActiveCfg = Debug|x64
		{077D751E-268A-4F19-96BD-D7F7D895687F}.Debug|x64.Build.0 = Debug|x64
		{077D751E-268A-4F19-96BD-D7F7D895687F}.Debug|x64.Deploy.0 = Debug|x64
		{077D751E-268A-4F19-96BD-D7F7D895687F}.Debug|x86.ActiveCfg = Debug|x86
		{077D751E-268A-4F19-96BD-D7F7D895687F}.Debug|x86.Build.0 = Debug|x86
		{077D751E-268A-4F19-96BD-D7F7D895687F}.Debug|x86.Deploy.0 = Debug|x86
		{077D751E-268A-4F19-96BD-D7F7D895687F}.Release|Any CPU.ActiveCfg = Release|x86
		{077D751E-268A-4F19-96BD-D7F7D895687F}.Release|Any CPU.Build.0 = Release|x86
		{077D751E-268A-4F19-96BD-D7F7D895687F}.Release|Any CPU.Deploy.0 = Release|x86
		{077D751E-268A-4F19-96BD-D7F7D895687F}.Release|ARM.ActiveCfg = Release|ARM
		{077D751E-268A-4F19-96BD-D7F7D895687F}.Release|ARM.Build.0 = Release|ARM
		{077D751E-268A-4F19-96BD-D7F7D895687F}.Release|ARM.Deploy.0 = Release|ARM
		{077D751E-268A-4F19-96BD-D7F7D895687F}.Release|iPhone.ActiveCfg = Release|x86
		{077D751E-268A-4F19-96BD-D7F7D895687F}.Release|iPhone.Build.0 = Release|x86
		{077D751E-268A-4F19-96BD-D7F7D895687F}.Release|iPhone.Deploy.0 = Release|x86
		{077D751E-268A-4F19-96BD-D7F7D895687F}.Release|iPhoneSimulator.ActiveCfg = Release|x86
		{077D751E-268A-4F19-96BD-D7F7D895687F}.Release|iPhoneSimulator.Build.0 = Release|x86
		{077D751E-268A-4F19-96BD-D7F7D895687F}.Release|iPhoneSimulator.Deploy.0 = Release|x86
		{077D751E-268A-4F19-96BD-D7F7D895687F}.Release|x64.ActiveCfg = Release|x64
		{077D751E-268A-4F19-96BD-D7F7D895687F}.Release|x64.Build.0 = Release|x64
		{077D751E-268A-4F19-96BD-D7F7D895687F}.Release|x64.Deploy.0 = Release|x64
		{077D751E-268A-4F19-96BD-D7F7D895687F}.Release|x86.ActiveCfg = Release|x86
		{077D751E-268A-4F19-96BD-D7F7D895687F}.Release|x86.Build.0 = Release|x86
		{077D751E-268A-4F19-96BD-D7F7D895687F}.Release|x86.Deploy.0 = Release|x86
		{675180DD-0A08-4634-B76C-8CF43292032C}.Ad-Hoc|Any CPU.ActiveCfg = Debug|Any CPU
		{675180DD-0A08-4634-B76C-8CF43292032C}.Ad-Hoc|Any CPU.Build.0 = Debug|Any CPU
		{675180DD-0A08-4634-B76C-8CF43292032C}.Ad-Hoc|Any CPU.Deploy.0 = Debug|Any CPU
		{675180DD-0A08-4634-B76C-8CF43292032C}.Ad-Hoc|ARM.ActiveCfg = Debug|Any CPU
		{675180DD-0A08-4634-B76C-8CF43292032C}.Ad-Hoc|ARM.Build.0 = Debug|Any CPU
		{675180DD-0A08-4634-B76C-8CF43292032C}.Ad-Hoc|ARM.Deploy.0 = Debug|Any CPU
		{675180DD-0A08-4634-B76C-8CF43292032C}.Ad-Hoc|iPhone.ActiveCfg = Debug|Any CPU
		{675180DD-0A08-4634-B76C-8CF43292032C}.Ad-Hoc|iPhone.Build.0 = Debug|Any CPU
		{675180DD-0A08-4634-B76C-8CF43292032C}.Ad-Hoc|iPhone.Deploy.0 = Debug|Any CPU
		{675180DD-0A08-4634-B76C-8CF43292032C}.Ad-Hoc|iPhoneSimulator.ActiveCfg = Debug|Any CPU
		{675180DD-0A08-4634-B76C-8CF43292032C}.Ad-Hoc|iPhoneSimulator.Build.0 = Debug|Any CPU
		{675180DD-0A08-4634-B76C-8CF43292032C}.Ad-Hoc|iPhoneSimulator.Deploy.0 = Debug|Any CPU
		{675180DD-0A08-4634-B76C-8CF43292032C}.Ad-Hoc|x64.ActiveCfg = Debug|Any CPU
		{675180DD-0A08-4634-B76C-8CF43292032C}.Ad-Hoc|x64.Build.0 = Debug|Any CPU
		{675180DD-0A08-4634-B76C-8CF43292032C}.Ad-Hoc|x64.Deploy.0 = Debug|Any CPU
		{675180DD-0A08-4634-B76C-8CF43292032C}.Ad-Hoc|x86.ActiveCfg = Debug|Any CPU
		{675180DD-0A08-4634-B76C-8CF43292032C}.Ad-Hoc|x86.Build.0 = Debug|Any CPU
		{675180DD-0A08-4634-B76C-8CF43292032C}.Ad-Hoc|x86.Deploy.0 = Debug|Any CPU
		{675180DD-0A08-4634-B76C-8CF43292032C}.AppStore|Any CPU.ActiveCfg = Debug|Any CPU
		{675180DD-0A08-4634-B76C-8CF43292032C}.AppStore|Any CPU.Build.0 = Debug|Any CPU
		{675180DD-0A08-4634-B76C-8CF43292032C}.AppStore|Any CPU.Deploy.0 = Debug|Any CPU
		{675180DD-0A08-4634-B76C-8CF43292032C}.AppStore|ARM.ActiveCfg = Debug|Any CPU
		{675180DD-0A08-4634-B76C-8CF43292032C}.AppStore|ARM.Build.0 = Debug|Any CPU
		{675180DD-0A08-4634-B76C-8CF43292032C}.AppStore|ARM.Deploy.0 = Debug|Any CPU
		{675180DD-0A08-4634-B76C-8CF43292032C}.AppStore|iPhone.ActiveCfg = Debug|Any CPU
		{675180DD-0A08-4634-B76C-8CF43292032C}.AppStore|iPhone.Build.0 = Debug|Any CPU
		{675180DD-0A08-4634-B76C-8CF43292032C}.AppStore|iPhone.Deploy.0 = Debug|Any CPU
		{675180DD-0A08-4634-B76C-8CF43292032C}.AppStore|iPhoneSimulator.ActiveCfg = Debug|Any CPU
		{675180DD-0A08-4634-B76C-8CF43292032C}.AppStore|iPhoneSimulator.Build.0 = Debug|Any CPU
		{675180DD-0A08-4634-B76C-8CF43292032C}.AppStore|iPhoneSimulator.Deploy.0 = Debug|Any CPU
		{675180DD-0A08-4634-B76C-8CF43292032C}.AppStore|x64.ActiveCfg = Debug|Any CPU
		{675180DD-0A08-4634-B76C-8CF43292032C}.AppStore|x64.Build.0 = Debug|Any CPU
		{675180DD-0A08-4634-B76C-8CF43292032C}.AppStore|x64.Deploy.0 = Debug|Any CPU
		{675180DD-0A08-4634-B76C-8CF43292032C}.AppStore|x86.ActiveCfg = Debug|Any CPU
		{675180DD-0A08-4634-B76C-8CF43292032C}.AppStore|x86.Build.0 = Debug|Any CPU
		{675180DD-0A08-4634-B76C-8CF43292032C}.AppStore|x86.Deploy.0 = Debug|Any CPU
		{675180DD-0A08-4634-B76C-8CF43292032C}.Debug|Any CPU.ActiveCfg = Debug|Any CPU
		{675180DD-0A08-4634-B76C-8CF43292032C}.Debug|Any CPU.Build.0 = Debug|Any CPU
		{675180DD-0A08-4634-B76C-8CF43292032C}.Debug|Any CPU.Deploy.0 = Debug|Any CPU
		{675180DD-0A08-4634-B76C-8CF43292032C}.Debug|ARM.ActiveCfg = Debug|Any CPU
		{675180DD-0A08-4634-B76C-8CF43292032C}.Debug|ARM.Build.0 = Debug|Any CPU
		{675180DD-0A08-4634-B76C-8CF43292032C}.Debug|ARM.Deploy.0 = Debug|Any CPU
		{675180DD-0A08-4634-B76C-8CF43292032C}.Debug|iPhone.ActiveCfg = Debug|Any CPU
		{675180DD-0A08-4634-B76C-8CF43292032C}.Debug|iPhone.Build.0 = Debug|Any CPU
		{675180DD-0A08-4634-B76C-8CF43292032C}.Debug|iPhone.Deploy.0 = Debug|Any CPU
		{675180DD-0A08-4634-B76C-8CF43292032C}.Debug|iPhoneSimulator.ActiveCfg = Debug|Any CPU
		{675180DD-0A08-4634-B76C-8CF43292032C}.Debug|iPhoneSimulator.Build.0 = Debug|Any CPU
		{675180DD-0A08-4634-B76C-8CF43292032C}.Debug|iPhoneSimulator.Deploy.0 = Debug|Any CPU
		{675180DD-0A08-4634-B76C-8CF43292032C}.Debug|x64.ActiveCfg = Debug|Any CPU
		{675180DD-0A08-4634-B76C-8CF43292032C}.Debug|x64.Build.0 = Debug|Any CPU
		{675180DD-0A08-4634-B76C-8CF43292032C}.Debug|x64.Deploy.0 = Debug|Any CPU
		{675180DD-0A08-4634-B76C-8CF43292032C}.Debug|x86.ActiveCfg = Debug|Any CPU
		{675180DD-0A08-4634-B76C-8CF43292032C}.Debug|x86.Build.0 = Debug|Any CPU
		{675180DD-0A08-4634-B76C-8CF43292032C}.Debug|x86.Deploy.0 = Debug|Any CPU
		{675180DD-0A08-4634-B76C-8CF43292032C}.Release|Any CPU.ActiveCfg = Release|Any CPU
		{675180DD-0A08-4634-B76C-8CF43292032C}.Release|Any CPU.Build.0 = Release|Any CPU
		{675180DD-0A08-4634-B76C-8CF43292032C}.Release|Any CPU.Deploy.0 = Release|Any CPU
		{675180DD-0A08-4634-B76C-8CF43292032C}.Release|ARM.ActiveCfg = Release|Any CPU
		{675180DD-0A08-4634-B76C-8CF43292032C}.Release|ARM.Build.0 = Release|Any CPU
		{675180DD-0A08-4634-B76C-8CF43292032C}.Release|ARM.Deploy.0 = Release|Any CPU
		{675180DD-0A08-4634-B76C-8CF43292032C}.Release|iPhone.ActiveCfg = Release|Any CPU
		{675180DD-0A08-4634-B76C-8CF43292032C}.Release|iPhone.Build.0 = Release|Any CPU
		{675180DD-0A08-4634-B76C-8CF43292032C}.Release|iPhone.Deploy.0 = Release|Any CPU
		{675180DD-0A08-4634-B76C-8CF43292032C}.Release|iPhoneSimulator.ActiveCfg = Release|Any CPU
		{675180DD-0A08-4634-B76C-8CF43292032C}.Release|iPhoneSimulator.Build.0 = Release|Any CPU
		{675180DD-0A08-4634-B76C-8CF43292032C}.Release|iPhoneSimulator.Deploy.0 = Release|Any CPU
		{675180DD-0A08-4634-B76C-8CF43292032C}.Release|x64.ActiveCfg = Release|Any CPU
		{675180DD-0A08-4634-B76C-8CF43292032C}.Release|x64.Build.0 = Release|Any CPU
		{675180DD-0A08-4634-B76C-8CF43292032C}.Release|x64.Deploy.0 = Release|Any CPU
		{675180DD-0A08-4634-B76C-8CF43292032C}.Release|x86.ActiveCfg = Release|Any CPU
		{675180DD-0A08-4634-B76C-8CF43292032C}.Release|x86.Build.0 = Release|Any CPU
		{675180DD-0A08-4634-B76C-8CF43292032C}.Release|x86.Deploy.0 = Release|Any CPU
	EndGlobalSection
	GlobalSection(SolutionProperties) = preSolution
		HideSolutionNode = FALSE
	EndGlobalSection
	GlobalSection(ExtensibilityGlobals) = postSolution
		SolutionGuid = {B4AC1FE8-E907-4B36-814A-747F5274CFD3}
	EndGlobalSection
EndGlobal
